
Microsoft Visual Studio Solution File, Format Version 12.00
# Visual Studio Version 17
VisualStudioVersion = 17.7.34031.279
MinimumVisualStudioVersion = 10.0.40219.1
Project("{8BC9CEB8-8B4A-11D0-8D11-00A0C91BC942}") = "New Karl", "New Karl\New Karl.vcxproj", "{DB079C1D-7462-4B6D-B694-3CF68F255915}"
EndProject
Global
	GlobalSection(SolutionConfigurationPlatforms) = preSolution
		Debug|x64 = Debug|x64
		Debug|x86 = Debug|x86
		Release|x64 = Release|x64
		Release|x86 = Release|x86
	EndGlobalSection
	GlobalSection(ProjectConfigurationPlatforms) = postSolution
		{DB079C1D-7462-4B6D-B694-3CF68F255915}.Debug|x64.ActiveCfg = Debug|x64
		{DB079C1D-7462-4B6D-B694-3CF68F255915}.Debug|x64.Build.0 = Debug|x64
		{DB079C1D-7462-4B6D-B694-3CF68F255915}.Debug|x86.ActiveCfg = Debug|Win32
		{DB079C1D-7462-4B6D-B694-3CF68F255915}.Debug|x86.Build.0 = Debug|Win32
		{DB079C1D-7462-4B6D-B694-3CF68F255915}.Release|x64.ActiveCfg = Release|x64
		{DB079C1D-7462-4B6D-B694-3CF68F255915}.Release|x64.Build.0 = Release|x64
		{DB079C1D-7462-4B6D-B694-3CF68F255915}.Release|x86.ActiveCfg = Release|Win32
		{DB079C1D-7462-4B6D-B694-3CF68F255915}.Release|x86.Build.0 = Release|Win32
	EndGlobalSection
	GlobalSection(SolutionProperties) = preSolution
		HideSolutionNode = FALSE
	EndGlobalSection
	GlobalSection(ExtensibilityGlobals) = postSolution
		SolutionGuid = {9ECDE900-18D9-46C9-9232-38309333108C}
	EndGlobalSection
EndGlobal
